// !$*UTF8*$!
{
	archiveVersion = 1;
	classes = {
	};
	objectVersion = 48;
	objects = {

/* Begin PBXBuildFile section */
		AD11179121126D27008C0857 /* AppDelegate.swift in Sources */ = {isa = PBXBuildFile; fileRef = AD11179021126D27008C0857 /* AppDelegate.swift */; };
		AD11179321126D27008C0857 /* ViewController.swift in Sources */ = {isa = PBXBuildFile; fileRef = AD11179221126D27008C0857 /* ViewController.swift */; };
		AD11179621126D27008C0857 /* Main.storyboard in Resources */ = {isa = PBXBuildFile; fileRef = AD11179421126D27008C0857 /* Main.storyboard */; };
		AD11179821126D27008C0857 /* Assets.xcassets in Resources */ = {isa = PBXBuildFile; fileRef = AD11179721126D27008C0857 /* Assets.xcassets */; };
		AD11179B21126D27008C0857 /* LaunchScreen.storyboard in Resources */ = {isa = PBXBuildFile; fileRef = AD11179921126D27008C0857 /* LaunchScreen.storyboard */; };
		AD1117A32112708D008C0857 /* Question.swift in Sources */ = {isa = PBXBuildFile; fileRef = AD1117A22112708D008C0857 /* Question.swift */; };
		AD1117A521127108008C0857 /* Answer.swift in Sources */ = {isa = PBXBuildFile; fileRef = AD1117A421127108008C0857 /* Answer.swift */; };
		AD1117A721127351008C0857 /* QuizViewController.swift in Sources */ = {isa = PBXBuildFile; fileRef = AD1117A621127351008C0857 /* QuizViewController.swift */; };
		AD7E6DD321162CAD003628A0 /* ScoreViewController.swift in Sources */ = {isa = PBXBuildFile; fileRef = AD7E6DD221162CAD003628A0 /* ScoreViewController.swift */; };
		AD7E6DD5211635E8003628A0 /* Icon_weapon_M16A4.png in Resources */ = {isa = PBXBuildFile; fileRef = AD7E6DD4211635E8003628A0 /* Icon_weapon_M16A4.png */; };
		AD7E6DD721163834003628A0 /* HeadlinerNo.45 DEMO.ttf in Resources */ = {isa = PBXBuildFile; fileRef = AD7E6DD621163834003628A0 /* HeadlinerNo.45 DEMO.ttf */; };
/* End PBXBuildFile section */

/* Begin PBXFileReference section */
		AD11178D21126D27008C0857 /* Yuya Quiz.app */ = {isa = PBXFileReference; explicitFileType = wrapper.application; includeInIndex = 0; path = "Yuya Quiz.app"; sourceTree = BUILT_PRODUCTS_DIR; };
		AD11179021126D27008C0857 /* AppDelegate.swift */ = {isa = PBXFileReference; lastKnownFileType = sourcecode.swift; path = AppDelegate.swift; sourceTree = "<group>"; };
		AD11179221126D27008C0857 /* ViewController.swift */ = {isa = PBXFileReference; lastKnownFileType = sourcecode.swift; path = ViewController.swift; sourceTree = "<group>"; };
		AD11179521126D27008C0857 /* Base */ = {isa = PBXFileReference; lastKnownFileType = file.storyboard; name = Base; path = Base.lproj/Main.storyboard; sourceTree = "<group>"; };
		AD11179721126D27008C0857 /* Assets.xcassets */ = {isa = PBXFileReference; lastKnownFileType = folder.assetcatalog; path = Assets.xcassets; sourceTree = "<group>"; };
		AD11179A21126D27008C0857 /* Base */ = {isa = PBXFileReference; lastKnownFileType = file.storyboard; name = Base; path = Base.lproj/LaunchScreen.storyboard; sourceTree = "<group>"; };
		AD11179C21126D27008C0857 /* Info.plist */ = {isa = PBXFileReference; lastKnownFileType = text.plist.xml; path = Info.plist; sourceTree = "<group>"; };
		AD1117A22112708D008C0857 /* Question.swift */ = {isa = PBXFileReference; lastKnownFileType = sourcecode.swift; path = Question.swift; sourceTree = "<group>"; };
		AD1117A421127108008C0857 /* Answer.swift */ = {isa = PBXFileReference; lastKnownFileType = sourcecode.swift; path = Answer.swift; sourceTree = "<group>"; };
		AD1117A621127351008C0857 /* QuizViewController.swift */ = {isa = PBXFileReference; lastKnownFileType = sourcecode.swift; path = QuizViewController.swift; sourceTree = "<group>"; };
		AD7E6DD221162CAD003628A0 /* ScoreViewController.swift */ = {isa = PBXFileReference; lastKnownFileType = sourcecode.swift; path = ScoreViewController.swift; sourceTree = "<group>"; };
		AD7E6DD4211635E8003628A0 /* Icon_weapon_M16A4.png */ = {isa = PBXFileReference; lastKnownFileType = image.png; path = Icon_weapon_M16A4.png; sourceTree = "<group>"; };
		AD7E6DD621163834003628A0 /* HeadlinerNo.45 DEMO.ttf */ = {isa = PBXFileReference; lastKnownFileType = file; path = "HeadlinerNo.45 DEMO.ttf"; sourceTree = "<group>"; };
/* End PBXFileReference section */

/* Begin PBXFrameworksBuildPhase section */
		AD11178A21126D27008C0857 /* Frameworks */ = {
			isa = PBXFrameworksBuildPhase;
			buildActionMask = 2147483647;
			files = (
			);
			runOnlyForDeploymentPostprocessing = 0;
		};
/* End PBXFrameworksBuildPhase section */

/* Begin PBXGroup section */
		AD11178421126D26008C0857 = {
			isa = PBXGroup;
			children = (
				AD11178F21126D27008C0857 /* Yuya Quiz */,
				AD11178E21126D27008C0857 /* Products */,
			);
			sourceTree = "<group>";
		};
		AD11178E21126D27008C0857 /* Products */ = {
			isa = PBXGroup;
			children = (
				AD11178D21126D27008C0857 /* Yuya Quiz.app */,
			);
			name = Products;
			sourceTree = "<group>";
		};
		AD11178F21126D27008C0857 /* Yuya Quiz */ = {
			isa = PBXGroup;
			children = (
				AD11179021126D27008C0857 /* AppDelegate.swift */,
				AD11179221126D27008C0857 /* ViewController.swift */,
				AD11179421126D27008C0857 /* Main.storyboard */,
				AD11179721126D27008C0857 /* Assets.xcassets */,
				AD7E6DD4211635E8003628A0 /* Icon_weapon_M16A4.png */,
				AD7E6DD621163834003628A0 /* HeadlinerNo.45 DEMO.ttf */,
				AD11179921126D27008C0857 /* LaunchScreen.storyboard */,
				AD11179C21126D27008C0857 /* Info.plist */,
				AD1117A22112708D008C0857 /* Question.swift */,
				AD1117A421127108008C0857 /* Answer.swift */,
				AD1117A621127351008C0857 /* QuizViewController.swift */,
				AD7E6DD221162CAD003628A0 /* ScoreViewController.swift */,
			);
			path = "Yuya Quiz";
			sourceTree = "<group>";
		};
/* End PBXGroup section */

/* Begin PBXNativeTarget section */
		AD11178C21126D27008C0857 /* Yuya Quiz */ = {
			isa = PBXNativeTarget;
			buildConfigurationList = AD11179F21126D27008C0857 /* Build configuration list for PBXNativeTarget "Yuya Quiz" */;
			buildPhases = (
				AD11178921126D27008C0857 /* Sources */,
				AD11178A21126D27008C0857 /* Frameworks */,
				AD11178B21126D27008C0857 /* Resources */,
			);
			buildRules = (
			);
			dependencies = (
			);
			name = "Yuya Quiz";
			productName = "Yuya Quiz";
			productReference = AD11178D21126D27008C0857 /* Yuya Quiz.app */;
			productType = "com.apple.product-type.application";
		};
/* End PBXNativeTarget section */

/* Begin PBXProject section */
		AD11178521126D26008C0857 /* Project object */ = {
			isa = PBXProject;
			attributes = {
				LastSwiftUpdateCheck = 0920;
				LastUpgradeCheck = 0920;
				ORGANIZATIONNAME = UCode;
				TargetAttributes = {
					AD11178C21126D27008C0857 = {
						CreatedOnToolsVersion = 9.2;
						ProvisioningStyle = Automatic;
					};
				};
			};
			buildConfigurationList = AD11178821126D26008C0857 /* Build configuration list for PBXProject "Yuya Quiz" */;
			compatibilityVersion = "Xcode 8.0";
			developmentRegion = en;
			hasScannedForEncodings = 0;
			knownRegions = (
				en,
				Base,
			);
			mainGroup = AD11178421126D26008C0857;
			productRefGroup = AD11178E21126D27008C0857 /* Products */;
			projectDirPath = "";
			projectRoot = "";
			targets = (
				AD11178C21126D27008C0857 /* Yuya Quiz */,
			);
		};
/* End PBXProject section */

/* Begin PBXResourcesBuildPhase section */
		AD11178B21126D27008C0857 /* Resources */ = {
			isa = PBXResourcesBuildPhase;
			buildActionMask = 2147483647;
			files = (
				AD11179B21126D27008C0857 /* LaunchScreen.storyboard in Resources */,
				AD7E6DD721163834003628A0 /* HeadlinerNo.45 DEMO.ttf in Resources */,
				AD11179821126D27008C0857 /* Assets.xcassets in Resources */,
				AD7E6DD5211635E8003628A0 /* Icon_weapon_M16A4.png in Resources */,
				AD11179621126D27008C0857 /* Main.storyboard in Resources */,
			);
			runOnlyForDeploymentPostprocessing = 0;
		};
/* End PBXResourcesBuildPhase section */

/* Begin PBXSourcesBuildPhase section */
		AD11178921126D27008C0857 /* Sources */ = {
			isa = PBXSourcesBuildPhase;
			buildActionMask = 2147483647;
			files = (
				AD1117A32112708D008C0857 /* Question.swift in Sources */,
				AD1117A721127351008C0857 /* QuizViewController.swift in Sources */,
				AD11179321126D27008C0857 /* ViewController.swift in Sources */,
				AD11179121126D27008C0857 /* AppDelegate.swift in Sources */,
				AD1117A521127108008C0857 /* Answer.swift in Sources */,
				AD7E6DD321162CAD003628A0 /* ScoreViewController.swift in Sources */,
			);
			runOnlyForDeploymentPostprocessing = 0;
		};
/* End PBXSourcesBuildPhase section */

/* Begin PBXVariantGroup section */
		AD11179421126D27008C0857 /* Main.storyboard */ = {
			isa = PBXVariantGroup;
			children = (
				AD11179521126D27008C0857 /* Base */,
			);
			name = Main.storyboard;
			sourceTree = "<group>";
		};
		AD11179921126D27008C0857 /* LaunchScreen.storyboard */ = {
			isa = PBXVariantGroup;
			children = (
				AD11179A21126D27008C0857 /* Base */,
			);
			name = LaunchScreen.storyboard;
			sourceTree = "<group>";
		};
/* End PBXVariantGroup section */

/* Begin XCBuildConfiguration section */
		AD11179D21126D27008C0857 /* Debug */ = {
			isa = XCBuildConfiguration;
			buildSettings = {
				ALWAYS_SEARCH_USER_PATHS = NO;
				CLANG_ANALYZER_NONNULL = YES;
				CLANG_ANALYZER_NUMBER_OBJECT_CONVERSION = YES_AGGRESSIVE;
				CLANG_CXX_LANGUAGE_STANDARD = "gnu++14";
				CLANG_CXX_LIBRARY = "libc++";
				CLANG_ENABLE_MODULES = YES;
				CLANG_ENABLE_OBJC_ARC = YES;
				CLANG_WARN_BLOCK_CAPTURE_AUTORELEASING = YES;
				CLANG_WARN_BOOL_CONVERSION = YES;
				CLANG_WARN_COMMA = YES;
				CLANG_WARN_CONSTANT_CONVERSION = YES;
				CLANG_WARN_DIRECT_OBJC_ISA_USAGE = YES_ERROR;
				CLANG_WARN_DOCUMENTATION_COMMENTS = YES;
				CLANG_WARN_EMPTY_BODY = YES;
				CLANG_WARN_ENUM_CONVERSION = YES;
				CLANG_WARN_INFINITE_RECURSION = YES;
				CLANG_WARN_INT_CONVERSION = YES;
				CLANG_WARN_NON_LITERAL_NULL_CONVERSION = YES;
				CLANG_WARN_OBJC_LITERAL_CONVERSION = YES;
				CLANG_WARN_OBJC_ROOT_CLASS = YES_ERROR;
				CLANG_WARN_RANGE_LOOP_ANALYSIS = YES;
				CLANG_WARN_STRICT_PROTOTYPES = YES;
				CLANG_WARN_SUSPICIOUS_MOVE = YES;
				CLANG_WARN_UNGUARDED_AVAILABILITY = YES_AGGRESSIVE;
				CLANG_WARN_UNREACHABLE_CODE = YES;
				CLANG_WARN__DUPLICATE_METHOD_MATCH = YES;
				CODE_SIGN_IDENTITY = "iPhone Developer";
				COPY_PHASE_STRIP = NO;
				DEBUG_INFORMATION_FORMAT = dwarf;
				ENABLE_STRICT_OBJC_MSGSEND = YES;
				ENABLE_TESTABILITY = YES;
				GCC_C_LANGUAGE_STANDARD = gnu11;
				GCC_DYNAMIC_NO_PIC = NO;
				GCC_NO_COMMON_BLOCKS = YES;
				GCC_OPTIMIZATION_LEVEL = 0;
				GCC_PREPROCESSOR_DEFINITIONS = (
					"DEBUG=1",
					"$(inherited)",
				);
				GCC_WARN_64_TO_32_BIT_CONVERSION = YES;
				GCC_WARN_ABOUT_RETURN_TYPE = YES_ERROR;
				GCC_WARN_UNDECLARED_SELECTOR = YES;
				GCC_WARN_UNINITIALIZED_AUTOS = YES_AGGRESSIVE;
				GCC_WARN_UNUSED_FUNCTION = YES;
				GCC_WARN_UNUSED_VARIABLE = YES;
				IPHONEOS_DEPLOYMENT_TARGET = 11.2;
				MTL_ENABLE_DEBUG_INFO = YES;
				ONLY_ACTIVE_ARCH = YES;
				SDKROOT = iphoneos;
				SWIFT_ACTIVE_COMPILATION_CONDITIONS = DEBUG;
				SWIFT_OPTIMIZATION_LEVEL = "-Onone";
			};
			name = Debug;
		};
		AD11179E21126D27008C0857 /* Release */ = {
			isa = XCBuildConfiguration;
			buildSettings = {
				ALWAYS_SEARCH_USER_PATHS = NO;
				CLANG_ANALYZER_NONNULL = YES;
				CLANG_ANALYZER_NUMBER_OBJECT_CONVERSION = YES_AGGRESSIVE;
				CLANG_CXX_LANGUAGE_STANDARD = "gnu++14";
				CLANG_CXX_LIBRARY = "libc++";
				CLANG_ENABLE_MODULES = YES;
				CLANG_ENABLE_OBJC_ARC = YES;
				CLANG_WARN_BLOCK_CAPTURE_AUTORELEASING = YES;
				CLANG_WARN_BOOL_CONVERSION = YES;
				CLANG_WARN_COMMA = YES;
				CLANG_WARN_CONSTANT_CONVERSION = YES;
				CLANG_WARN_DIRECT_OBJC_ISA_USAGE = YES_ERROR;
				CLANG_WARN_DOCUMENTATION_COMMENTS = YES;
				CLANG_WARN_EMPTY_BODY = YES;
				CLANG_WARN_ENUM_CONVERSION = YES;
				CLANG_WARN_INFINITE_RECURSION = YES;
				CLANG_WARN_INT_CONVERSION = YES;
				CLANG_WARN_NON_LITERAL_NULL_CONVERSION = YES;
				CLANG_WARN_OBJC_LITERAL_CONVERSION = YES;
				CLANG_WARN_OBJC_ROOT_CLASS = YES_ERROR;
				CLANG_WARN_RANGE_LOOP_ANALYSIS = YES;
				CLANG_WARN_STRICT_PROTOTYPES = YES;
				CLANG_WARN_SUSPICIOUS_MOVE = YES;
				CLANG_WARN_UNGUARDED_AVAILABILITY = YES_AGGRESSIVE;
				CLANG_WARN_UNREACHABLE_CODE = YES;
				CLANG_WARN__DUPLICATE_METHOD_MATCH = YES;
				CODE_SIGN_IDENTITY = "iPhone Developer";
				COPY_PHASE_STRIP = NO;
				DEBUG_INFORMATION_FORMAT = "dwarf-with-dsym";
				ENABLE_NS_ASSERTIONS = NO;
				ENABLE_STRICT_OBJC_MSGSEND = YES;
				GCC_C_LANGUAGE_STANDARD = gnu11;
				GCC_NO_COMMON_BLOCKS = YES;
				GCC_WARN_64_TO_32_BIT_CONVERSION = YES;
				GCC_WARN_ABOUT_RETURN_TYPE = YES_ERROR;
				GCC_WARN_UNDECLARED_SELECTOR = YES;
				GCC_WARN_UNINITIALIZED_AUTOS = YES_AGGRESSIVE;
				GCC_WARN_UNUSED_FUNCTION = YES;
				GCC_WARN_UNUSED_VARIABLE = YES;
				IPHONEOS_DEPLOYMENT_TARGET = 11.2;
				MTL_ENABLE_DEBUG_INFO = NO;
				SDKROOT = iphoneos;
				SWIFT_OPTIMIZATION_LEVEL = "-Owholemodule";
				VALIDATE_PRODUCT = YES;
			};
			name = Release;
		};
		AD1117A021126D27008C0857 /* Debug */ = {
			isa = XCBuildConfiguration;
			buildSettings = {
				ASSETCATALOG_COMPILER_APPICON_NAME = AppIcon;
				CODE_SIGN_STYLE = Automatic;
				INFOPLIST_FILE = "Yuya Quiz/Info.plist";
				LD_RUNPATH_SEARCH_PATHS = "$(inherited) @executable_path/Frameworks";
				PRODUCT_BUNDLE_IDENTIFIER = "edu.self.Yuya-Quiz";
				PRODUCT_NAME = "$(TARGET_NAME)";
				SWIFT_VERSION = 4.0;
				TARGETED_DEVICE_FAMILY = "1,2";
			};
			name = Debug;
		};
		AD1117A121126D27008C0857 /* Release */ = {
			isa = XCBuildConfiguration;
			buildSettings = {
				ASSETCATALOG_COMPILER_APPICON_NAME = AppIcon;
				CODE_SIGN_STYLE = Automatic;
				INFOPLIST_FILE = "Yuya Quiz/Info.plist";
				LD_RUNPATH_SEARCH_PATHS = "$(inherited) @executable_path/Frameworks";
				PRODUCT_BUNDLE_IDENTIFIER = "edu.self.Yuya-Quiz";
				PRODUCT_NAME = "$(TARGET_NAME)";
				SWIFT_VERSION = 4.0;
				TARGETED_DEVICE_FAMILY = "1,2";
			};
			name = Release;
		};
/* End XCBuildConfiguration section */

/* Begin XCConfigurationList section */
		AD11178821126D26008C0857 /* Build configuration list for PBXProject "Yuya Quiz" */ = {
			isa = XCConfigurationList;
			buildConfigurations = (
				AD11179D21126D27008C0857 /* Debug */,
				AD11179E21126D27008C0857 /* Release */,
			);
			defaultConfigurationIsVisible = 0;
			defaultConfigurationName = Release;
		};
		AD11179F21126D27008C0857 /* Build configuration list for PBXNativeTarget "Yuya Quiz" */ = {
			isa = XCConfigurationList;
			buildConfigurations = (
				AD1117A021126D27008C0857 /* Debug */,
				AD1117A121126D27008C0857 /* Release */,
			);
			defaultConfigurationIsVisible = 0;
			defaultConfigurationName = Release;
		};
/* End XCConfigurationList section */
	};
	rootObject = AD11178521126D26008C0857 /* Project object */;
}
